
Microsoft Visual Studio Solution File, Format Version 12.00
# Visual Studio 14
VisualStudioVersion = 14.0.25123.0
MinimumVisualStudioVersion = 10.0.40219.1
Project("{DEF593D4-89BB-4C0A-A68E-5748A9829A77}") = "Sitecore.Support.442594", "Sitecore.Support.442594\Sitecore.Support.442594.csproj", "{1008276E-7AAF-4D32-97DB-5362C2D59218}"
EndProject
Global
	GlobalSection(SolutionConfigurationPlatforms) = preSolution
		Debug|Any CPU = Debug|Any CPU
		Release|Any CPU = Release|Any CPU
	EndGlobalSection
	GlobalSection(ProjectConfigurationPlatforms) = postSolution
		{1008276E-7AAF-4D32-97DB-5362C2D59218}.Debug|Any CPU.ActiveCfg = Debug|Any CPU
		{1008276E-7AAF-4D32-97DB-5362C2D59218}.Debug|Any CPU.Build.0 = Debug|Any CPU
		{1008276E-7AAF-4D32-97DB-5362C2D59218}.Release|Any CPU.ActiveCfg = Release|Any CPU
		{1008276E-7AAF-4D32-97DB-5362C2D59218}.Release|Any CPU.Build.0 = Release|Any CPU
	EndGlobalSection
	GlobalSection(SolutionProperties) = preSolution
		HideSolutionNode = FALSE
	EndGlobalSection
EndGlobal
